
Microsoft Visual Studio Solution File, Format Version 12.00
# Visual Studio Version 17
VisualStudioVersion = 17.6.33829.357
MinimumVisualStudioVersion = 10.0.40219.1
Project("{FAE04EC0-301F-11D3-BF4B-00C04F79EFBC}") = "Namespace-DLL", "Namespace-DLL\Namespace-DLL.csproj", "{D73667A5-849E-4B56-8FA8-FCBBB63431A5}"
EndProject
Global
	GlobalSection(SolutionConfigurationPlatforms) = preSolution
		Debug|Any CPU = Debug|Any CPU
		Release|Any CPU = Release|Any CPU
	EndGlobalSection
	GlobalSection(ProjectConfigurationPlatforms) = postSolution
		{D73667A5-849E-4B56-8FA8-FCBBB63431A5}.Debug|Any CPU.ActiveCfg = Debug|Any CPU
		{D73667A5-849E-4B56-8FA8-FCBBB63431A5}.Debug|Any CPU.Build.0 = Debug|Any CPU
		{D73667A5-849E-4B56-8FA8-FCBBB63431A5}.Release|Any CPU.ActiveCfg = Release|Any CPU
		{D73667A5-849E-4B56-8FA8-FCBBB63431A5}.Release|Any CPU.Build.0 = Release|Any CPU
	EndGlobalSection
	GlobalSection(SolutionProperties) = preSolution
		HideSolutionNode = FALSE
	EndGlobalSection
	GlobalSection(ExtensibilityGlobals) = postSolution
		SolutionGuid = {3A4219FE-ECC4-4C3E-9E13-BC8A038F5C2B}
	EndGlobalSection
EndGlobal
